{
  "version": 4,
  "terraform_version": "1.1.5",
  "serial": 39,
  "lineage": "68c1852b-3181-135b-ea40-875414f1e9e6",
  "outputs": {
    "ansible_nodes_private_addresses": {
      "value": [
        "10.0.10.174",
        "10.0.0.54"
      ],
      "type": [
        "tuple",
        [
          "string",
          "string"
        ]
      ]
    },
    "ansible_nodes_public_addresses": {
      "value": [
        "54.183.71.145",
        "54.176.209.44"
      ],
      "type": [
        "tuple",
        [
          "string",
          "string"
        ]
      ]
    },
    "ansible_server_public_address": {
      "value": [
        "54.176.152.227"
      ],
      "type": [
        "tuple",
        [
          "string"
        ]
      ]
    }
  },
  "resources": [
    {
      "mode": "data",
      "type": "aws_ami",
      "name": "ubuntu",
      "provider": "provider[\"registry.terraform.io/hashicorp/aws\"]",
      "instances": [
        {
          "schema_version": 0,
          "attributes": {
            "architecture": "x86_64",
            "arn": "arn:aws:ec2:us-west-1::image/ami-0189702ff9c0b592f",
            "block_device_mappings": [
              {
                "device_name": "/dev/sda1",
                "ebs": {
                  "delete_on_termination": "true",
                  "encrypted": "false",
                  "iops": "0",
                  "snapshot_id": "snap-030d652493175c257",
                  "throughput": "0",
                  "volume_size": "8",
                  "volume_type": "gp2"
                },
                "no_device": "",
                "virtual_name": ""
              },
              {
                "device_name": "/dev/sdb",
                "ebs": {},
                "no_device": "",
                "virtual_name": "ephemeral0"
              },
              {
                "device_name": "/dev/sdc",
                "ebs": {},
                "no_device": "",
                "virtual_name": "ephemeral1"
              }
            ],
            "boot_mode": "",
            "creation_date": "2022-03-08T23:53:55.000Z",
            "description": "Canonical, Ubuntu, 20.04 LTS, amd64 focal image build on 2022-03-08",
            "ena_support": true,
            "executable_users": null,
            "filter": [
              {
                "name": "name",
                "values": [
                  "ubuntu/images/hvm-ssd/ubuntu-focal-20.04-amd64-server-*"
                ]
              },
              {
                "name": "virtualization-type",
                "values": [
                  "hvm"
                ]
              }
            ],
            "hypervisor": "xen",
            "id": "ami-0189702ff9c0b592f",
            "image_id": "ami-0189702ff9c0b592f",
            "image_location": "099720109477/ubuntu/images/hvm-ssd/ubuntu-focal-20.04-amd64-server-20220308",
            "image_owner_alias": null,
            "image_type": "machine",
            "kernel_id": null,
            "most_recent": true,
            "name": "ubuntu/images/hvm-ssd/ubuntu-focal-20.04-amd64-server-20220308",
            "name_regex": null,
            "owner_id": "099720109477",
            "owners": [
              "099720109477"
            ],
            "platform": null,
            "platform_details": "Linux/UNIX",
            "product_codes": [],
            "public": true,
            "ramdisk_id": null,
            "root_device_name": "/dev/sda1",
            "root_device_type": "ebs",
            "root_snapshot_id": "snap-030d652493175c257",
            "sriov_net_support": "simple",
            "state": "available",
            "state_reason": {
              "code": "UNSET",
              "message": "UNSET"
            },
            "tags": {},
            "usage_operation": "RunInstances",
            "virtualization_type": "hvm"
          },
          "sensitive_attributes": []
        }
      ]
    },
    {
      "mode": "data",
      "type": "aws_subnet_ids",
      "name": "subnets",
      "provider": "provider[\"registry.terraform.io/hashicorp/aws\"]",
      "instances": [
        {
          "schema_version": 0,
          "attributes": {
            "filter": null,
            "id": "vpc-02af01f5b638b7021",
            "ids": [
              "subnet-00cc835d36d94ffd1",
              "subnet-027749adcdcca7177",
              "subnet-077819b77bae04efa",
              "subnet-0da30285cf2a5dbb6"
            ],
            "tags": null,
            "vpc_id": "vpc-02af01f5b638b7021"
          },
          "sensitive_attributes": []
        }
      ]
    },
    {
      "mode": "managed",
      "type": "aws_instance",
      "name": "nodes",
      "provider": "provider[\"registry.terraform.io/hashicorp/aws\"]",
      "instances": [
        {
          "index_key": 0,
          "schema_version": 1,
          "attributes": {
            "ami": "ami-0189702ff9c0b592f",
            "arn": "arn:aws:ec2:us-west-1:661707123424:instance/i-036ed50db2883ee4e",
            "associate_public_ip_address": true,
            "availability_zone": "us-west-1a",
            "capacity_reservation_specification": [
              {
                "capacity_reservation_preference": "open",
                "capacity_reservation_target": []
              }
            ],
            "cpu_core_count": 1,
            "cpu_threads_per_core": 1,
            "credit_specification": [
              {
                "cpu_credits": "standard"
              }
            ],
            "disable_api_termination": false,
            "ebs_block_device": [],
            "ebs_optimized": false,
            "enclave_options": [
              {
                "enabled": false
              }
            ],
            "ephemeral_block_device": [],
            "get_password_data": false,
            "hibernation": false,
            "host_id": null,
            "iam_instance_profile": "",
            "id": "i-036ed50db2883ee4e",
            "instance_initiated_shutdown_behavior": "stop",
            "instance_state": "running",
            "instance_type": "t2.micro",
            "ipv6_address_count": 0,
            "ipv6_addresses": [],
            "key_name": "ansible_key",
            "launch_template": [],
            "metadata_options": [
              {
                "http_endpoint": "enabled",
                "http_put_response_hop_limit": 1,
                "http_tokens": "optional",
                "instance_metadata_tags": "disabled"
              }
            ],
            "monitoring": false,
            "network_interface": [],
            "outpost_arn": "",
            "password_data": "",
            "placement_group": "",
            "placement_partition_number": null,
            "primary_network_interface_id": "eni-06126240f1871b830",
            "private_dns": "ip-10-0-10-174.us-west-1.compute.internal",
            "private_ip": "10.0.10.174",
            "public_dns": "",
            "public_ip": "54.183.71.145",
            "root_block_device": [
              {
                "delete_on_termination": true,
                "device_name": "/dev/sda1",
                "encrypted": false,
                "iops": 100,
                "kms_key_id": "",
                "tags": {},
                "throughput": 0,
                "volume_id": "vol-0dc8438868d3546ac",
                "volume_size": 8,
                "volume_type": "gp2"
              }
            ],
            "secondary_private_ips": [],
            "security_groups": [],
            "source_dest_check": true,
            "subnet_id": "subnet-077819b77bae04efa",
            "tags": {
              "Name": "Node0"
            },
            "tags_all": {
              "Name": "Node0"
            },
            "tenancy": "default",
            "timeouts": null,
            "user_data": null,
            "user_data_base64": null,
            "volume_tags": null,
            "vpc_security_group_ids": [
              "sg-0a165c8b9964981c1"
            ]
          },
          "sensitive_attributes": [],
          "private": "eyJlMmJmYjczMC1lY2FhLTExZTYtOGY4OC0zNDM2M2JjN2M0YzAiOnsiY3JlYXRlIjo2MDAwMDAwMDAwMDAsImRlbGV0ZSI6MTIwMDAwMDAwMDAwMCwidXBkYXRlIjo2MDAwMDAwMDAwMDB9LCJzY2hlbWFfdmVyc2lvbiI6IjEifQ==",
          "dependencies": [
            "aws_key_pair.ansible_key",
            "aws_security_group.ansible-sg",
            "data.aws_ami.ubuntu",
            "tls_private_key.ansible_key"
          ]
        },
        {
          "index_key": 1,
          "schema_version": 1,
          "attributes": {
            "ami": "ami-0189702ff9c0b592f",
            "arn": "arn:aws:ec2:us-west-1:661707123424:instance/i-0974986361781fc63",
            "associate_public_ip_address": true,
            "availability_zone": "us-west-1a",
            "capacity_reservation_specification": [
              {
                "capacity_reservation_preference": "open",
                "capacity_reservation_target": []
              }
            ],
            "cpu_core_count": 1,
            "cpu_threads_per_core": 1,
            "credit_specification": [
              {
                "cpu_credits": "standard"
              }
            ],
            "disable_api_termination": false,
            "ebs_block_device": [],
            "ebs_optimized": false,
            "enclave_options": [
              {
                "enabled": false
              }
            ],
            "ephemeral_block_device": [],
            "get_password_data": false,
            "hibernation": false,
            "host_id": null,
            "iam_instance_profile": "",
            "id": "i-0974986361781fc63",
            "instance_initiated_shutdown_behavior": "stop",
            "instance_state": "running",
            "instance_type": "t2.micro",
            "ipv6_address_count": 0,
            "ipv6_addresses": [],
            "key_name": "ansible_key",
            "launch_template": [],
            "metadata_options": [
              {
                "http_endpoint": "enabled",
                "http_put_response_hop_limit": 1,
                "http_tokens": "optional",
                "instance_metadata_tags": "disabled"
              }
            ],
            "monitoring": false,
            "network_interface": [],
            "outpost_arn": "",
            "password_data": "",
            "placement_group": "",
            "placement_partition_number": null,
            "primary_network_interface_id": "eni-0aa550cad5b75c4c4",
            "private_dns": "ip-10-0-0-54.us-west-1.compute.internal",
            "private_ip": "10.0.0.54",
            "public_dns": "",
            "public_ip": "54.176.209.44",
            "root_block_device": [
              {
                "delete_on_termination": true,
                "device_name": "/dev/sda1",
                "encrypted": false,
                "iops": 100,
                "kms_key_id": "",
                "tags": {},
                "throughput": 0,
                "volume_id": "vol-0ee0965714c1b53a6",
                "volume_size": 8,
                "volume_type": "gp2"
              }
            ],
            "secondary_private_ips": [],
            "security_groups": [],
            "source_dest_check": true,
            "subnet_id": "subnet-077819b77bae04efa",
            "tags": {
              "Name": "Node1"
            },
            "tags_all": {
              "Name": "Node1"
            },
            "tenancy": "default",
            "timeouts": null,
            "user_data": null,
            "user_data_base64": null,
            "volume_tags": null,
            "vpc_security_group_ids": [
              "sg-0a165c8b9964981c1"
            ]
          },
          "sensitive_attributes": [],
          "private": "eyJlMmJmYjczMC1lY2FhLTExZTYtOGY4OC0zNDM2M2JjN2M0YzAiOnsiY3JlYXRlIjo2MDAwMDAwMDAwMDAsImRlbGV0ZSI6MTIwMDAwMDAwMDAwMCwidXBkYXRlIjo2MDAwMDAwMDAwMDB9LCJzY2hlbWFfdmVyc2lvbiI6IjEifQ==",
          "dependencies": [
            "aws_key_pair.ansible_key",
            "aws_security_group.ansible-sg",
            "data.aws_ami.ubuntu",
            "tls_private_key.ansible_key"
          ]
        }
      ]
    },
    {
      "mode": "managed",
      "type": "aws_instance",
      "name": "server",
      "provider": "provider[\"registry.terraform.io/hashicorp/aws\"]",
      "instances": [
        {
          "index_key": 0,
          "schema_version": 1,
          "attributes": {
            "ami": "ami-0189702ff9c0b592f",
            "arn": "arn:aws:ec2:us-west-1:661707123424:instance/i-05c8f8d5a8165a86a",
            "associate_public_ip_address": true,
            "availability_zone": "us-west-1a",
            "capacity_reservation_specification": [
              {
                "capacity_reservation_preference": "open",
                "capacity_reservation_target": []
              }
            ],
            "cpu_core_count": 1,
            "cpu_threads_per_core": 1,
            "credit_specification": [
              {
                "cpu_credits": "standard"
              }
            ],
            "disable_api_termination": false,
            "ebs_block_device": [],
            "ebs_optimized": false,
            "enclave_options": [
              {
                "enabled": false
              }
            ],
            "ephemeral_block_device": [],
            "get_password_data": false,
            "hibernation": false,
            "host_id": null,
            "iam_instance_profile": "",
            "id": "i-05c8f8d5a8165a86a",
            "instance_initiated_shutdown_behavior": "stop",
            "instance_state": "running",
            "instance_type": "t2.micro",
            "ipv6_address_count": 0,
            "ipv6_addresses": [],
            "key_name": "ansible_key",
            "launch_template": [],
            "metadata_options": [
              {
                "http_endpoint": "enabled",
                "http_put_response_hop_limit": 1,
                "http_tokens": "optional",
                "instance_metadata_tags": "disabled"
              }
            ],
            "monitoring": false,
            "network_interface": [],
            "outpost_arn": "",
            "password_data": "",
            "placement_group": "",
            "placement_partition_number": null,
            "primary_network_interface_id": "eni-048417c2a8f5fa7e6",
            "private_dns": "ip-10-0-1-210.us-west-1.compute.internal",
            "private_ip": "10.0.1.210",
            "public_dns": "",
            "public_ip": "54.176.152.227",
            "root_block_device": [
              {
                "delete_on_termination": true,
                "device_name": "/dev/sda1",
                "encrypted": false,
                "iops": 100,
                "kms_key_id": "",
                "tags": {},
                "throughput": 0,
                "volume_id": "vol-04253a80ffe9ee49a",
                "volume_size": 8,
                "volume_type": "gp2"
              }
            ],
            "secondary_private_ips": [],
            "security_groups": [],
            "source_dest_check": true,
            "subnet_id": "subnet-077819b77bae04efa",
            "tags": {
              "Name": "Server"
            },
            "tags_all": {
              "Name": "Server"
            },
            "tenancy": "default",
            "timeouts": null,
            "user_data": "c52c645c00eb7232ea6f66705d096fde867cec49",
            "user_data_base64": null,
            "volume_tags": null,
            "vpc_security_group_ids": [
              "sg-0a165c8b9964981c1"
            ]
          },
          "sensitive_attributes": [],
          "private": "eyJlMmJmYjczMC1lY2FhLTExZTYtOGY4OC0zNDM2M2JjN2M0YzAiOnsiY3JlYXRlIjo2MDAwMDAwMDAwMDAsImRlbGV0ZSI6MTIwMDAwMDAwMDAwMCwidXBkYXRlIjo2MDAwMDAwMDAwMDB9LCJzY2hlbWFfdmVyc2lvbiI6IjEifQ==",
          "dependencies": [
            "aws_key_pair.ansible_key",
            "aws_security_group.ansible-sg",
            "data.aws_ami.ubuntu",
            "tls_private_key.ansible_key"
          ]
        }
      ]
    },
    {
      "mode": "managed",
      "type": "aws_key_pair",
      "name": "ansible_key",
      "provider": "provider[\"registry.terraform.io/hashicorp/aws\"]",
      "instances": [
        {
          "schema_version": 1,
          "attributes": {
            "arn": "arn:aws:ec2:us-west-1:661707123424:key-pair/ansible_key",
            "fingerprint": "21:46:0b:13:3d:15:ac:5f:d4:06:e1:d3:e8:8a:bb:54",
            "id": "ansible_key",
            "key_name": "ansible_key",
            "key_name_prefix": "",
            "key_pair_id": "key-03b5e6d6e385a2ae6",
            "public_key": "ssh-rsa AAAAB3NzaC1yc2EAAAADAQABAAACAQDCbrlwT0oEHtmk4G1yFvzO67dSh0oIeUUM5lgKK9jifsxoAWwef+vuG0E0/sjz7nB6xTktIm10OdfAbuefurVbAId/T9G81MlVSuUh57itv6dkvT+G+kAW+xkSfuQxFZpvF7rfw8RHnjro7t29AgFhF9bfhHY0tzLQCEKeewKBC0rbqiutcSZzAy72y340Mit64N/jUd34ZPovhPZM/3D/et98BhtKl5Or623j3sOGjeBWAXvjzvF3Lz9jKqT4vrAHd5ZveXo6PEjifqpWKtBavoq7FykmPTqpu85ELAcUin6u4qGVJRqXd2OMCQTNiBhlDThCcFWozddvU63eDd8xNlHx9KSIwgRxlKqHsQuBKqQOBccezpR9o/2d2xGHe6Ivr28bjrJeUvvpYUz9RxlFE1A3jiF2HF0sQAmr85S4qs1c8qa/y/f7doS71IDd0JVb38qkiO+M4/t+A3I2UPrLCUFsHN1YUFv2RtIjoeGxTMN3s05Ky78rQOdC2MySJZemcB0hlZTJSqRbi9ybHPAUVRYOk+thqAHSDbMnr7jIsojSDsRRd5BM/XnEsZVzEWjIQp8R/vvGQIQyX7VFnHsRfkllwYoQd1c2xWsa07vVZpsQj1kCq+xoFjhzlGjKVT/nL7WUFe3L8lX8A1XkyYiEmEPa07kkWQs3Dvk3dTntqQ==",
            "tags": null,
            "tags_all": {}
          },
          "sensitive_attributes": [],
          "private": "eyJzY2hlbWFfdmVyc2lvbiI6IjEifQ==",
          "dependencies": [
            "tls_private_key.ansible_key"
          ]
        }
      ]
    },
    {
      "mode": "managed",
      "type": "aws_security_group",
      "name": "ansible-sg",
      "provider": "provider[\"registry.terraform.io/hashicorp/aws\"]",
      "instances": [
        {
          "schema_version": 1,
          "attributes": {
            "arn": "arn:aws:ec2:us-west-1:661707123424:security-group/sg-0a165c8b9964981c1",
            "description": "security group for ansible servers",
            "egress": [
              {
                "cidr_blocks": [
                  "0.0.0.0/0"
                ],
                "description": "",
                "from_port": 0,
                "ipv6_cidr_blocks": [],
                "prefix_list_ids": [],
                "protocol": "-1",
                "security_groups": [],
                "self": false,
                "to_port": 0
              }
            ],
            "id": "sg-0a165c8b9964981c1",
            "ingress": [
              {
                "cidr_blocks": [
                  "0.0.0.0/0"
                ],
                "description": "",
                "from_port": 22,
                "ipv6_cidr_blocks": [],
                "prefix_list_ids": [],
                "protocol": "tcp",
                "security_groups": [],
                "self": false,
                "to_port": 22
              },
              {
                "cidr_blocks": [
                  "0.0.0.0/0"
                ],
                "description": "",
                "from_port": 8,
                "ipv6_cidr_blocks": [],
                "prefix_list_ids": [],
                "protocol": "icmp",
                "security_groups": [],
                "self": false,
                "to_port": 0
              }
            ],
            "name": "ansible-sg-8",
            "name_prefix": "",
            "owner_id": "661707123424",
            "revoke_rules_on_delete": false,
            "tags": null,
            "tags_all": {},
            "timeouts": null,
            "vpc_id": "vpc-02af01f5b638b7021"
          },
          "sensitive_attributes": [],
          "private": "eyJlMmJmYjczMC1lY2FhLTExZTYtOGY4OC0zNDM2M2JjN2M0YzAiOnsiY3JlYXRlIjo2MDAwMDAwMDAwMDAsImRlbGV0ZSI6OTAwMDAwMDAwMDAwfSwic2NoZW1hX3ZlcnNpb24iOiIxIn0="
        }
      ]
    },
    {
      "mode": "managed",
      "type": "local_file",
      "name": "ansible_key",
      "provider": "provider[\"registry.terraform.io/hashicorp/local\"]",
      "instances": [
        {
          "schema_version": 0,
          "attributes": {
            "content": null,
            "content_base64": null,
            "directory_permission": "0777",
            "file_permission": "0777",
            "filename": "ansible_key.pem",
            "id": "5f2883cb4ebe44649a1d5499419d5fce7aee830a",
            "sensitive_content": "-----BEGIN RSA PRIVATE KEY-----\nMIIJKQIBAAKCAgEAwm65cE9KBB7ZpOBtchb8zuu3UodKCHlFDOZYCivY4n7MaAFs\nHn/r7htBNP7I8+5wesU5LSJtdDnXwG7nn7q1WwCHf0/RvNTJVUrlIee4rb+nZL0/\nhvpAFvsZEn7kMRWabxe638PER5466O7dvQIBYRfW34R2NLcy0AhCnnsCgQtK26or\nrXEmcwMu9st+NDIreuDf41Hd+GT6L4T2TP9w/3rffAYbSpeTq+tt497Dho3gVgF7\n487xdy8/Yyqk+L6wB3eWb3l6OjxI4n6qVirQWr6KuxcpJj06qbvORCwHFIp+ruKh\nlSUal3djjAkEzYgYZQ04QnBVqM3Xb1Ot3g3fMTZR8fSkiMIEcZSqh7ELgSqkDgXH\nHs6UfaP9ndsRh3uiL69vG46yXlL76WFM/UcZRRNQN44hdhxdLEAJq/OUuKrNXPKm\nv8v3+3aEu9SA3dCVW9/KpIjvjOP7fgNyNlD6ywlBbBzdWFBb9kbSI6HhsUzDd7NO\nSsu/K0DnQtjMkiWXpnAdIZWUyUqkW4vcmxzwFFUWDpPrYagB0g2zJ6+4yLKI0g7E\nUXeQTP15xLGVcxFoyEKfEf77xkCEMl+1RZx7EX5JZcGKEHdXNsVrGtO71WabEI9Z\nAqvsaBY4c5RoylU/5y+1lBXty/JV/ANV5MmIhJhD2tO5JFkLNw75N3U57akCAwEA\nAQKCAgEAoZHZT1bULvBj8/r7d99aXajLQi1ifAAqPTn81xbwt+aefZ8Q9ZdfuxGy\n8hL3cp0lox/ZD4SYaAjZHPQMTlOc+O5LqqPtqnk4hUQjfDVO5jNpKvGIpOW39GDc\nyN3hSlilaMPTarcHmGwIkCBO6w2Lj997k2pDwDKsausyUPfvcMSthDS47vwj81cl\n47fePAmk0AumgQQ67Hsc2/glpH5wrByzMiDw9N9Yu3h8bOtkl5+2WEILbZc+WMhO\naF27kWkEZnAd9qx/wXzvJCgV7FzPn1jPeAEbFMe0w+9ozIW5rHwaIcH6fDHFEzEG\n7AtijlkVzINbyPoIdKn46G4lAW2Nlai8Fvyfi9Jgx483Vhz9RSUgs7gkh66nKDb/\nrKh1JtCqdQfFJKGQ0/vJqOMztzNeyxHE21bEH/gB1hzrwC7Z9XVZofllSs76eR+e\nBCvJPPOLT8cWR/Hqi1CPSc0GPvZ9DV0kWXK8h8Mc8XfBATbZXJelLOOdhoGGtq3x\ndSDeZwZYcJbj/Rfji4qSa7OrIqOXCGO7rxaZ7odbO8qN7fxEMHmTVV+lDpU24z6D\nH3aqPG74GJcxwfD8Ao2Xz63ySRplmf9qzEuAoMSo4NLaPC60MmYP1RSO0flr10YU\nK5ToH1LVwWQi0jBNgZU9f4Jhcg8EjgP2PbVK/uNe4JVpPE9E17ECggEBAN1gZ1MY\noOkShranP3NiEBCBzciIor5IZOOrdtv5hXBjvJOe+jI+KfqDgh26T+ohDeIRcV/T\nLEjOqEtvm1gFw/FUVQsHmmh4vDuHMQg76D7qiVcJqpCvcSYvPKuuGeJZQ9PJYMLN\numVWNb2yXRKKy4ia6GaR6gZ1sDK96Nsmjn5AjLf3nnhOMPpShip75wGMZT+Ed6WM\nI4KjSlKGcP67cO4ZUtkD6LhUfulSFkLSRdaW3I9ezX5MlqIIr7cigdzomDm5VO2A\n/DvonX0TsIuhQJgTRM/+o4B23A8UcRGwzWllaaCvVqV76Uy2u2Dz9ydk31z9PDXF\nVhiw6kqGc8E/fW8CggEBAODXhQ/jX8gJ2CPB762d2Wigc4d+wN3uFoqLolLGyIlU\nWM/W6o6c5714oDar4WUQcOBuYKqYQ7cBbZrUGpk3gLIbOhgPpGZ2PW8w5MLEcE9Z\nPYLDzSlodA/0LmguQLykyB/k4auZcsk/1Mhwt5Mk8O4sozB7ktjRQTIv4WXH0nsZ\ni434Gn8HSeVqpHu51jPTPbC/b7Khesw3iYce1asE13ezxliBrC6TqxSFGmif7PmX\nM5/MRJCjgvutQa/D+dwLsYVfSusG5YntCmH0jfvWgo60Cvq7kf4ZKmUQLxFzu5Yl\nMWEzcyTljR50AKYje2xLaJJBoQakm4KkoKUwg57p6mcCggEAPHexoVvvz9n0m/2Q\n8kZN1wRtniHcOhdyH1HddHZygWFsx/G7q2+ZbcjwCIi0fWIr9Z0IF8GJrhVsmLZS\nezeP7uI3HH0mKvUXjTb/KJ2ccVsEypZkVYLmaCSs8MPsZAw336h42pzxFe73XOpU\nS9VHhPezFRk0EDGjQCjparrcXxXomfN0AK5y6F0UMpSHY7/ig/f96mUd6fgKPAJm\n6N1wGkkmfQp5TagexkJavEPNObEZa7vca2wmFPpEbMRrLlkGA3ZhAUKjIwYFxn1T\nUsBn8WIKALowFM3ii+fsfoWJhgliUbay9x6iegbLpc7dqo/+BttQz+sn+jSQumyB\nP77E1wKCAQEAywBriBvPZ8nTlv1LzCJfn8J2bJh5xCZpva8y4K/PcYZxJT4yyo5K\nAVy+sn3fZCNC9q9RodUWFk44ynjEhx+Al85TVlQRJ92LvC+V62/2wv2ctsrYGpHP\ncHQTzkYsduYENh+tzQQfiiqSkGKMrFLHIRO2R1jbDd1oksp+JCoVFMXMpWKjcZuA\nEZ2GYps4FdSct08wp0R6nZVrG08wtVcKv23WICT785Wp+j3uyRXTnMnyd02zfi/T\nXC5ixzIXDqCUKAoQl0DD0BLvs99crktP104hN55Qwu2vxE2nYYdvj7GG8u7EAEUt\nc5hi2Z3hmrY+9QZCP8AxE/RVgq/ZtooV8wKCAQB7lQxwIQIhL8RX4BITmTKn6gLY\nWdz9UjkLBrzihnZKKFKmvGbrMyCGTEAsEZ8l2NAThUMQ58vZ8S4qlIG+kCnxxBVb\n0jcqnNVtuG3gxEHoFpGOcwIdGELAwdt0CrRq+4jbkAMK8SlaZ2ums0TLhImq2JR9\nrXKaTNR/LMx0NM/ZeTRAbnjLkZHhUsirx7qeK6SERYscfgsZ0D6JkIpDQGx0NSEz\nJKDBpc53yda/ytjCQ3mYGvGjLp0Jukd0AGikOHrmBc557rtG7kJc15/1gG0flQKU\ns12uEqImwXq1UonnWeOBT/rKwmNbKXVXqcNhdDcQuwcdBkKR9xeo1g2sGQZ5\n-----END RSA PRIVATE KEY-----\n",
            "source": null
          },
          "sensitive_attributes": [
            [
              {
                "type": "get_attr",
                "value": "sensitive_content"
              }
            ]
          ],
          "private": "bnVsbA==",
          "dependencies": [
            "tls_private_key.ansible_key"
          ]
        }
      ]
    },
    {
      "mode": "managed",
      "type": "tls_private_key",
      "name": "ansible_key",
      "provider": "provider[\"registry.terraform.io/hashicorp/tls\"]",
      "instances": [
        {
          "schema_version": 0,
          "attributes": {
            "algorithm": "RSA",
            "ecdsa_curve": "P224",
            "id": "d150ec66833e660a43e9f165f3a9616ee74ca924",
            "private_key_pem": "-----BEGIN RSA PRIVATE KEY-----\nMIIJKQIBAAKCAgEAwm65cE9KBB7ZpOBtchb8zuu3UodKCHlFDOZYCivY4n7MaAFs\nHn/r7htBNP7I8+5wesU5LSJtdDnXwG7nn7q1WwCHf0/RvNTJVUrlIee4rb+nZL0/\nhvpAFvsZEn7kMRWabxe638PER5466O7dvQIBYRfW34R2NLcy0AhCnnsCgQtK26or\nrXEmcwMu9st+NDIreuDf41Hd+GT6L4T2TP9w/3rffAYbSpeTq+tt497Dho3gVgF7\n487xdy8/Yyqk+L6wB3eWb3l6OjxI4n6qVirQWr6KuxcpJj06qbvORCwHFIp+ruKh\nlSUal3djjAkEzYgYZQ04QnBVqM3Xb1Ot3g3fMTZR8fSkiMIEcZSqh7ELgSqkDgXH\nHs6UfaP9ndsRh3uiL69vG46yXlL76WFM/UcZRRNQN44hdhxdLEAJq/OUuKrNXPKm\nv8v3+3aEu9SA3dCVW9/KpIjvjOP7fgNyNlD6ywlBbBzdWFBb9kbSI6HhsUzDd7NO\nSsu/K0DnQtjMkiWXpnAdIZWUyUqkW4vcmxzwFFUWDpPrYagB0g2zJ6+4yLKI0g7E\nUXeQTP15xLGVcxFoyEKfEf77xkCEMl+1RZx7EX5JZcGKEHdXNsVrGtO71WabEI9Z\nAqvsaBY4c5RoylU/5y+1lBXty/JV/ANV5MmIhJhD2tO5JFkLNw75N3U57akCAwEA\nAQKCAgEAoZHZT1bULvBj8/r7d99aXajLQi1ifAAqPTn81xbwt+aefZ8Q9ZdfuxGy\n8hL3cp0lox/ZD4SYaAjZHPQMTlOc+O5LqqPtqnk4hUQjfDVO5jNpKvGIpOW39GDc\nyN3hSlilaMPTarcHmGwIkCBO6w2Lj997k2pDwDKsausyUPfvcMSthDS47vwj81cl\n47fePAmk0AumgQQ67Hsc2/glpH5wrByzMiDw9N9Yu3h8bOtkl5+2WEILbZc+WMhO\naF27kWkEZnAd9qx/wXzvJCgV7FzPn1jPeAEbFMe0w+9ozIW5rHwaIcH6fDHFEzEG\n7AtijlkVzINbyPoIdKn46G4lAW2Nlai8Fvyfi9Jgx483Vhz9RSUgs7gkh66nKDb/\nrKh1JtCqdQfFJKGQ0/vJqOMztzNeyxHE21bEH/gB1hzrwC7Z9XVZofllSs76eR+e\nBCvJPPOLT8cWR/Hqi1CPSc0GPvZ9DV0kWXK8h8Mc8XfBATbZXJelLOOdhoGGtq3x\ndSDeZwZYcJbj/Rfji4qSa7OrIqOXCGO7rxaZ7odbO8qN7fxEMHmTVV+lDpU24z6D\nH3aqPG74GJcxwfD8Ao2Xz63ySRplmf9qzEuAoMSo4NLaPC60MmYP1RSO0flr10YU\nK5ToH1LVwWQi0jBNgZU9f4Jhcg8EjgP2PbVK/uNe4JVpPE9E17ECggEBAN1gZ1MY\noOkShranP3NiEBCBzciIor5IZOOrdtv5hXBjvJOe+jI+KfqDgh26T+ohDeIRcV/T\nLEjOqEtvm1gFw/FUVQsHmmh4vDuHMQg76D7qiVcJqpCvcSYvPKuuGeJZQ9PJYMLN\numVWNb2yXRKKy4ia6GaR6gZ1sDK96Nsmjn5AjLf3nnhOMPpShip75wGMZT+Ed6WM\nI4KjSlKGcP67cO4ZUtkD6LhUfulSFkLSRdaW3I9ezX5MlqIIr7cigdzomDm5VO2A\n/DvonX0TsIuhQJgTRM/+o4B23A8UcRGwzWllaaCvVqV76Uy2u2Dz9ydk31z9PDXF\nVhiw6kqGc8E/fW8CggEBAODXhQ/jX8gJ2CPB762d2Wigc4d+wN3uFoqLolLGyIlU\nWM/W6o6c5714oDar4WUQcOBuYKqYQ7cBbZrUGpk3gLIbOhgPpGZ2PW8w5MLEcE9Z\nPYLDzSlodA/0LmguQLykyB/k4auZcsk/1Mhwt5Mk8O4sozB7ktjRQTIv4WXH0nsZ\ni434Gn8HSeVqpHu51jPTPbC/b7Khesw3iYce1asE13ezxliBrC6TqxSFGmif7PmX\nM5/MRJCjgvutQa/D+dwLsYVfSusG5YntCmH0jfvWgo60Cvq7kf4ZKmUQLxFzu5Yl\nMWEzcyTljR50AKYje2xLaJJBoQakm4KkoKUwg57p6mcCggEAPHexoVvvz9n0m/2Q\n8kZN1wRtniHcOhdyH1HddHZygWFsx/G7q2+ZbcjwCIi0fWIr9Z0IF8GJrhVsmLZS\nezeP7uI3HH0mKvUXjTb/KJ2ccVsEypZkVYLmaCSs8MPsZAw336h42pzxFe73XOpU\nS9VHhPezFRk0EDGjQCjparrcXxXomfN0AK5y6F0UMpSHY7/ig/f96mUd6fgKPAJm\n6N1wGkkmfQp5TagexkJavEPNObEZa7vca2wmFPpEbMRrLlkGA3ZhAUKjIwYFxn1T\nUsBn8WIKALowFM3ii+fsfoWJhgliUbay9x6iegbLpc7dqo/+BttQz+sn+jSQumyB\nP77E1wKCAQEAywBriBvPZ8nTlv1LzCJfn8J2bJh5xCZpva8y4K/PcYZxJT4yyo5K\nAVy+sn3fZCNC9q9RodUWFk44ynjEhx+Al85TVlQRJ92LvC+V62/2wv2ctsrYGpHP\ncHQTzkYsduYENh+tzQQfiiqSkGKMrFLHIRO2R1jbDd1oksp+JCoVFMXMpWKjcZuA\nEZ2GYps4FdSct08wp0R6nZVrG08wtVcKv23WICT785Wp+j3uyRXTnMnyd02zfi/T\nXC5ixzIXDqCUKAoQl0DD0BLvs99crktP104hN55Qwu2vxE2nYYdvj7GG8u7EAEUt\nc5hi2Z3hmrY+9QZCP8AxE/RVgq/ZtooV8wKCAQB7lQxwIQIhL8RX4BITmTKn6gLY\nWdz9UjkLBrzihnZKKFKmvGbrMyCGTEAsEZ8l2NAThUMQ58vZ8S4qlIG+kCnxxBVb\n0jcqnNVtuG3gxEHoFpGOcwIdGELAwdt0CrRq+4jbkAMK8SlaZ2ums0TLhImq2JR9\nrXKaTNR/LMx0NM/ZeTRAbnjLkZHhUsirx7qeK6SERYscfgsZ0D6JkIpDQGx0NSEz\nJKDBpc53yda/ytjCQ3mYGvGjLp0Jukd0AGikOHrmBc557rtG7kJc15/1gG0flQKU\ns12uEqImwXq1UonnWeOBT/rKwmNbKXVXqcNhdDcQuwcdBkKR9xeo1g2sGQZ5\n-----END RSA PRIVATE KEY-----\n",
            "public_key_fingerprint_md5": "11:fd:4f:f0:28:0b:33:30:28:6e:d3:cf:81:38:79:2f",
            "public_key_openssh": "ssh-rsa AAAAB3NzaC1yc2EAAAADAQABAAACAQDCbrlwT0oEHtmk4G1yFvzO67dSh0oIeUUM5lgKK9jifsxoAWwef+vuG0E0/sjz7nB6xTktIm10OdfAbuefurVbAId/T9G81MlVSuUh57itv6dkvT+G+kAW+xkSfuQxFZpvF7rfw8RHnjro7t29AgFhF9bfhHY0tzLQCEKeewKBC0rbqiutcSZzAy72y340Mit64N/jUd34ZPovhPZM/3D/et98BhtKl5Or623j3sOGjeBWAXvjzvF3Lz9jKqT4vrAHd5ZveXo6PEjifqpWKtBavoq7FykmPTqpu85ELAcUin6u4qGVJRqXd2OMCQTNiBhlDThCcFWozddvU63eDd8xNlHx9KSIwgRxlKqHsQuBKqQOBccezpR9o/2d2xGHe6Ivr28bjrJeUvvpYUz9RxlFE1A3jiF2HF0sQAmr85S4qs1c8qa/y/f7doS71IDd0JVb38qkiO+M4/t+A3I2UPrLCUFsHN1YUFv2RtIjoeGxTMN3s05Ky78rQOdC2MySJZemcB0hlZTJSqRbi9ybHPAUVRYOk+thqAHSDbMnr7jIsojSDsRRd5BM/XnEsZVzEWjIQp8R/vvGQIQyX7VFnHsRfkllwYoQd1c2xWsa07vVZpsQj1kCq+xoFjhzlGjKVT/nL7WUFe3L8lX8A1XkyYiEmEPa07kkWQs3Dvk3dTntqQ==\n",
            "public_key_pem": "-----BEGIN PUBLIC KEY-----\nMIICIjANBgkqhkiG9w0BAQEFAAOCAg8AMIICCgKCAgEAwm65cE9KBB7ZpOBtchb8\nzuu3UodKCHlFDOZYCivY4n7MaAFsHn/r7htBNP7I8+5wesU5LSJtdDnXwG7nn7q1\nWwCHf0/RvNTJVUrlIee4rb+nZL0/hvpAFvsZEn7kMRWabxe638PER5466O7dvQIB\nYRfW34R2NLcy0AhCnnsCgQtK26orrXEmcwMu9st+NDIreuDf41Hd+GT6L4T2TP9w\n/3rffAYbSpeTq+tt497Dho3gVgF7487xdy8/Yyqk+L6wB3eWb3l6OjxI4n6qVirQ\nWr6KuxcpJj06qbvORCwHFIp+ruKhlSUal3djjAkEzYgYZQ04QnBVqM3Xb1Ot3g3f\nMTZR8fSkiMIEcZSqh7ELgSqkDgXHHs6UfaP9ndsRh3uiL69vG46yXlL76WFM/UcZ\nRRNQN44hdhxdLEAJq/OUuKrNXPKmv8v3+3aEu9SA3dCVW9/KpIjvjOP7fgNyNlD6\nywlBbBzdWFBb9kbSI6HhsUzDd7NOSsu/K0DnQtjMkiWXpnAdIZWUyUqkW4vcmxzw\nFFUWDpPrYagB0g2zJ6+4yLKI0g7EUXeQTP15xLGVcxFoyEKfEf77xkCEMl+1RZx7\nEX5JZcGKEHdXNsVrGtO71WabEI9ZAqvsaBY4c5RoylU/5y+1lBXty/JV/ANV5MmI\nhJhD2tO5JFkLNw75N3U57akCAwEAAQ==\n-----END PUBLIC KEY-----\n",
            "rsa_bits": 4096
          },
          "sensitive_attributes": [],
          "private": "bnVsbA=="
        }
      ]
    }
  ]
}
